// !$*UTF8*$!
{
	archiveVersion = 1;
	classes = {
	};
	objectVersion = 50;
	objects = {

/* Begin PBXBuildFile section */
		FCD0BEE027C96A62009674DF /* First StoryViewController.swift in Sources */ = {isa = PBXBuildFile; fileRef = FCD0BEDF27C96A62009674DF /* First StoryViewController.swift */; };
		FCD0BEE527C96A80009674DF /* Second Story ViewController.swift in Sources */ = {isa = PBXBuildFile; fileRef = FCD0BEE427C96A80009674DF /* Second Story ViewController.swift */; };
		FCD0BEEB27C97546009674DF /* FirstSegueViewController.swift in Sources */ = {isa = PBXBuildFile; fileRef = FCD0BEEA27C97546009674DF /* FirstSegueViewController.swift */; };
		FCD0BEF327C97559009674DF /* SecondSegueViewController.swift in Sources */ = {isa = PBXBuildFile; fileRef = FCD0BEF227C97559009674DF /* SecondSegueViewController.swift */; };
		FCEAED2927C869460099FEF6 /* AppDelegate.swift in Sources */ = {isa = PBXBuildFile; fileRef = FCEAED2827C869460099FEF6 /* AppDelegate.swift */; };
		FCEAED2B27C869460099FEF6 /* SceneDelegate.swift in Sources */ = {isa = PBXBuildFile; fileRef = FCEAED2A27C869460099FEF6 /* SceneDelegate.swift */; };
		FCEAED2D27C869460099FEF6 /* ViewController.swift in Sources */ = {isa = PBXBuildFile; fileRef = FCEAED2C27C869460099FEF6 /* ViewController.swift */; };
		FCEAED3027C869460099FEF6 /* Main.storyboard in Resources */ = {isa = PBXBuildFile; fileRef = FCEAED2E27C869460099FEF6 /* Main.storyboard */; };
		FCEAED3327C869460099FEF6 /* Navigation_Controller.xcdatamodeld in Sources */ = {isa = PBXBuildFile; fileRef = FCEAED3127C869460099FEF6 /* Navigation_Controller.xcdatamodeld */; };
		FCEAED3527C869470099FEF6 /* Assets.xcassets in Resources */ = {isa = PBXBuildFile; fileRef = FCEAED3427C869470099FEF6 /* Assets.xcassets */; };
		FCEAED3827C869470099FEF6 /* LaunchScreen.storyboard in Resources */ = {isa = PBXBuildFile; fileRef = FCEAED3627C869470099FEF6 /* LaunchScreen.storyboard */; };
		FCEAED4327C869480099FEF6 /* Navigation_ControllerTests.swift in Sources */ = {isa = PBXBuildFile; fileRef = FCEAED4227C869480099FEF6 /* Navigation_ControllerTests.swift */; };
		FCEAED4E27C869480099FEF6 /* Navigation_ControllerUITests.swift in Sources */ = {isa = PBXBuildFile; fileRef = FCEAED4D27C869480099FEF6 /* Navigation_ControllerUITests.swift */; };
		FCEAED6327C86A3E0099FEF6 /* FirstScreenViewController.swift in Sources */ = {isa = PBXBuildFile; fileRef = FCEAED6227C86A3E0099FEF6 /* FirstScreenViewController.swift */; };
		FCEAED6B27C86A540099FEF6 /* SecondScreenViewController.swift in Sources */ = {isa = PBXBuildFile; fileRef = FCEAED6A27C86A540099FEF6 /* SecondScreenViewController.swift */; };
/* End PBXBuildFile section */

/* Begin PBXContainerItemProxy section */
		FCEAED3F27C869480099FEF6 /* PBXContainerItemProxy */ = {
			isa = PBXContainerItemProxy;
			containerPortal = FCEAED1D27C869460099FEF6 /* Project object */;
			proxyType = 1;
			remoteGlobalIDString = FCEAED2427C869460099FEF6;
			remoteInfo = "Navigation Controller";
		};
		FCEAED4A27C869480099FEF6 /* PBXContainerItemProxy */ = {
			isa = PBXContainerItemProxy;
			containerPortal = FCEAED1D27C869460099FEF6 /* Project object */;
			proxyType = 1;
			remoteGlobalIDString = FCEAED2427C869460099FEF6;
			remoteInfo = "Navigation Controller";
		};
/* End PBXContainerItemProxy section */

/* Begin PBXFileReference section */
		FCD0BEDF27C96A62009674DF /* First StoryViewController.swift */ = {isa = PBXFileReference; lastKnownFileType = sourcecode.swift; path = "First StoryViewController.swift"; sourceTree = "<group>"; };
		FCD0BEE427C96A80009674DF /* Second Story ViewController.swift */ = {isa = PBXFileReference; lastKnownFileType = sourcecode.swift; path = "Second Story ViewController.swift"; sourceTree = "<group>"; };
		FCD0BEEA27C97546009674DF /* FirstSegueViewController.swift */ = {isa = PBXFileReference; lastKnownFileType = sourcecode.swift; path = FirstSegueViewController.swift; sourceTree = "<group>"; };
		FCD0BEF227C97559009674DF /* SecondSegueViewController.swift */ = {isa = PBXFileReference; lastKnownFileType = sourcecode.swift; path = SecondSegueViewController.swift; sourceTree = "<group>"; };
		FCEAED2527C869460099FEF6 /* Navigation Controller.app */ = {isa = PBXFileReference; explicitFileType = wrapper.application; includeInIndex = 0; path = "Navigation Controller.app"; sourceTree = BUILT_PRODUCTS_DIR; };
		FCEAED2827C869460099FEF6 /* AppDelegate.swift */ = {isa = PBXFileReference; lastKnownFileType = sourcecode.swift; path = AppDelegate.swift; sourceTree = "<group>"; };
		FCEAED2A27C869460099FEF6 /* SceneDelegate.swift */ = {isa = PBXFileReference; lastKnownFileType = sourcecode.swift; path = SceneDelegate.swift; sourceTree = "<group>"; };
		FCEAED2C27C869460099FEF6 /* ViewController.swift */ = {isa = PBXFileReference; lastKnownFileType = sourcecode.swift; path = ViewController.swift; sourceTree = "<group>"; };
		FCEAED2F27C869460099FEF6 /* Base */ = {isa = PBXFileReference; lastKnownFileType = file.storyboard; name = Base; path = Base.lproj/Main.storyboard; sourceTree = "<group>"; };
		FCEAED3227C869460099FEF6 /* Navigation_Controller.xcdatamodel */ = {isa = PBXFileReference; lastKnownFileType = wrapper.xcdatamodel; path = Navigation_Controller.xcdatamodel; sourceTree = "<group>"; };
		FCEAED3427C869470099FEF6 /* Assets.xcassets */ = {isa = PBXFileReference; lastKnownFileType = folder.assetcatalog; path = Assets.xcassets; sourceTree = "<group>"; };
		FCEAED3727C869470099FEF6 /* Base */ = {isa = PBXFileReference; lastKnownFileType = file.storyboard; name = Base; path = Base.lproj/LaunchScreen.storyboard; sourceTree = "<group>"; };
		FCEAED3927C869470099FEF6 /* Info.plist */ = {isa = PBXFileReference; lastKnownFileType = text.plist.xml; path = Info.plist; sourceTree = "<group>"; };
		FCEAED3E27C869480099FEF6 /* Navigation ControllerTests.xctest */ = {isa = PBXFileReference; explicitFileType = wrapper.cfbundle; includeInIndex = 0; path = "Navigation ControllerTests.xctest"; sourceTree = BUILT_PRODUCTS_DIR; };
		FCEAED4227C869480099FEF6 /* Navigation_ControllerTests.swift */ = {isa = PBXFileReference; lastKnownFileType = sourcecode.swift; path = Navigation_ControllerTests.swift; sourceTree = "<group>"; };
		FCEAED4427C869480099FEF6 /* Info.plist */ = {isa = PBXFileReference; lastKnownFileType = text.plist.xml; path = Info.plist; sourceTree = "<group>"; };
		FCEAED4927C869480099FEF6 /* Navigation ControllerUITests.xctest */ = {isa = PBXFileReference; explicitFileType = wrapper.cfbundle; includeInIndex = 0; path = "Navigation ControllerUITests.xctest"; sourceTree = BUILT_PRODUCTS_DIR; };
		FCEAED4D27C869480099FEF6 /* Navigation_ControllerUITests.swift */ = {isa = PBXFileReference; lastKnownFileType = sourcecode.swift; path = Navigation_ControllerUITests.swift; sourceTree = "<group>"; };
		FCEAED4F27C869480099FEF6 /* Info.plist */ = {isa = PBXFileReference; lastKnownFileType = text.plist.xml; path = Info.plist; sourceTree = "<group>"; };
		FCEAED6227C86A3E0099FEF6 /* FirstScreenViewController.swift */ = {isa = PBXFileReference; lastKnownFileType = sourcecode.swift; path = FirstScreenViewController.swift; sourceTree = "<group>"; };
		FCEAED6A27C86A540099FEF6 /* SecondScreenViewController.swift */ = {isa = PBXFileReference; lastKnownFileType = sourcecode.swift; path = SecondScreenViewController.swift; sourceTree = "<group>"; };
/* End PBXFileReference section */

/* Begin PBXFrameworksBuildPhase section */
		FCEAED2227C869460099FEF6 /* Frameworks */ = {
			isa = PBXFrameworksBuildPhase;
			buildActionMask = 2147483647;
			files = (
			);
			runOnlyForDeploymentPostprocessing = 0;
		};
		FCEAED3B27C869480099FEF6 /* Frameworks */ = {
			isa = PBXFrameworksBuildPhase;
			buildActionMask = 2147483647;
			files = (
			);
			runOnlyForDeploymentPostprocessing = 0;
		};
		FCEAED4627C869480099FEF6 /* Frameworks */ = {
			isa = PBXFrameworksBuildPhase;
			buildActionMask = 2147483647;
			files = (
			);
			runOnlyForDeploymentPostprocessing = 0;
		};
/* End PBXFrameworksBuildPhase section */

/* Begin PBXGroup section */
		FCD0BEDE27C96A33009674DF /* storyboard method */ = {
			isa = PBXGroup;
			children = (
				FCD0BEDF27C96A62009674DF /* First StoryViewController.swift */,
				FCD0BEE427C96A80009674DF /* Second Story ViewController.swift */,
			);
			path = "storyboard method";
			sourceTree = "<group>";
		};
		FCD0BEE927C97517009674DF /* Segue coded method */ = {
			isa = PBXGroup;
			children = (
				FCD0BEEA27C97546009674DF /* FirstSegueViewController.swift */,
				FCD0BEF227C97559009674DF /* SecondSegueViewController.swift */,
			);
			path = "Segue coded method";
			sourceTree = "<group>";
		};
		FCEAED1C27C869460099FEF6 = {
			isa = PBXGroup;
			children = (
				FCEAED2727C869460099FEF6 /* Navigation Controller */,
				FCEAED4127C869480099FEF6 /* Navigation ControllerTests */,
				FCEAED4C27C869480099FEF6 /* Navigation ControllerUITests */,
				FCEAED2627C869460099FEF6 /* Products */,
			);
			sourceTree = "<group>";
		};
		FCEAED2627C869460099FEF6 /* Products */ = {
			isa = PBXGroup;
			children = (
				FCEAED2527C869460099FEF6 /* Navigation Controller.app */,
				FCEAED3E27C869480099FEF6 /* Navigation ControllerTests.xctest */,
				FCEAED4927C869480099FEF6 /* Navigation ControllerUITests.xctest */,
			);
			name = Products;
			sourceTree = "<group>";
		};
		FCEAED2727C869460099FEF6 /* Navigation Controller */ = {
			isa = PBXGroup;
			children = (
				FCEAED2827C869460099FEF6 /* AppDelegate.swift */,
				FCEAED2A27C869460099FEF6 /* SceneDelegate.swift */,
				FCEAED2C27C869460099FEF6 /* ViewController.swift */,
				FCD0BEE927C97517009674DF /* Segue coded method */,
				FCD0BEDE27C96A33009674DF /* storyboard method */,
				FCEAED5E27C869C30099FEF6 /* Navigation method */,
				FCEAED2E27C869460099FEF6 /* Main.storyboard */,
				FCEAED3427C869470099FEF6 /* Assets.xcassets */,
				FCEAED3627C869470099FEF6 /* LaunchScreen.storyboard */,
				FCEAED3927C869470099FEF6 /* Info.plist */,
				FCEAED3127C869460099FEF6 /* Navigation_Controller.xcdatamodeld */,
			);
			path = "Navigation Controller";
			sourceTree = "<group>";
		};
		FCEAED4127C869480099FEF6 /* Navigation ControllerTests */ = {
			isa = PBXGroup;
			children = (
				FCEAED4227C869480099FEF6 /* Navigation_ControllerTests.swift */,
				FCEAED4427C869480099FEF6 /* Info.plist */,
			);
			path = "Navigation ControllerTests";
			sourceTree = "<group>";
		};
		FCEAED4C27C869480099FEF6 /* Navigation ControllerUITests */ = {
			isa = PBXGroup;
			children = (
				FCEAED4D27C869480099FEF6 /* Navigation_ControllerUITests.swift */,
				FCEAED4F27C869480099FEF6 /* Info.plist */,
			);
			path = "Navigation ControllerUITests";
			sourceTree = "<group>";
		};
		FCEAED5E27C869C30099FEF6 /* Navigation method */ = {
			isa = PBXGroup;
			children = (
				FCEAED6227C86A3E0099FEF6 /* FirstScreenViewController.swift */,
				FCEAED6A27C86A540099FEF6 /* SecondScreenViewController.swift */,
			);
			path = "Navigation method";
			sourceTree = "<group>";
		};
/* End PBXGroup section */

/* Begin PBXNativeTarget section */
		FCEAED2427C869460099FEF6 /* Navigation Controller */ = {
			isa = PBXNativeTarget;
			buildConfigurationList = FCEAED5227C869480099FEF6 /* Build configuration list for PBXNativeTarget "Navigation Controller" */;
			buildPhases = (
				FCEAED2127C869460099FEF6 /* Sources */,
				FCEAED2227C869460099FEF6 /* Frameworks */,
				FCEAED2327C869460099FEF6 /* Resources */,
			);
			buildRules = (
			);
			dependencies = (
			);
			name = "Navigation Controller";
			productName = "Navigation Controller";
			productReference = FCEAED2527C869460099FEF6 /* Navigation Controller.app */;
			productType = "com.apple.product-type.application";
		};
		FCEAED3D27C869480099FEF6 /* Navigation ControllerTests */ = {
			isa = PBXNativeTarget;
			buildConfigurationList = FCEAED5527C869480099FEF6 /* Build configuration list for PBXNativeTarget "Navigation ControllerTests" */;
			buildPhases = (
				FCEAED3A27C869480099FEF6 /* Sources */,
				FCEAED3B27C869480099FEF6 /* Frameworks */,
				FCEAED3C27C869480099FEF6 /* Resources */,
			);
			buildRules = (
			);
			dependencies = (
				FCEAED4027C869480099FEF6 /* PBXTargetDependency */,
			);
			name = "Navigation ControllerTests";
			productName = "Navigation ControllerTests";
			productReference = FCEAED3E27C869480099FEF6 /* Navigation ControllerTests.xctest */;
			productType = "com.apple.product-type.bundle.unit-test";
		};
		FCEAED4827C869480099FEF6 /* Navigation ControllerUITests */ = {
			isa = PBXNativeTarget;
			buildConfigurationList = FCEAED5827C869480099FEF6 /* Build configuration list for PBXNativeTarget "Navigation ControllerUITests" */;
			buildPhases = (
				FCEAED4527C869480099FEF6 /* Sources */,
				FCEAED4627C869480099FEF6 /* Frameworks */,
				FCEAED4727C869480099FEF6 /* Resources */,
			);
			buildRules = (
			);
			dependencies = (
				FCEAED4B27C869480099FEF6 /* PBXTargetDependency */,
			);
			name = "Navigation ControllerUITests";
			productName = "Navigation ControllerUITests";
			productReference = FCEAED4927C869480099FEF6 /* Navigation ControllerUITests.xctest */;
			productType = "com.apple.product-type.bundle.ui-testing";
		};
/* End PBXNativeTarget section */

/* Begin PBXProject section */
		FCEAED1D27C869460099FEF6 /* Project object */ = {
			isa = PBXProject;
			attributes = {
				LastSwiftUpdateCheck = 1240;
				LastUpgradeCheck = 1240;
				TargetAttributes = {
					FCEAED2427C869460099FEF6 = {
						CreatedOnToolsVersion = 12.4;
					};
					FCEAED3D27C869480099FEF6 = {
						CreatedOnToolsVersion = 12.4;
						TestTargetID = FCEAED2427C869460099FEF6;
					};
					FCEAED4827C869480099FEF6 = {
						CreatedOnToolsVersion = 12.4;
						TestTargetID = FCEAED2427C869460099FEF6;
					};
				};
			};
			buildConfigurationList = FCEAED2027C869460099FEF6 /* Build configuration list for PBXProject "Navigation Controller" */;
			compatibilityVersion = "Xcode 9.3";
			developmentRegion = en;
			hasScannedForEncodings = 0;
			knownRegions = (
				en,
				Base,
			);
			mainGroup = FCEAED1C27C869460099FEF6;
			productRefGroup = FCEAED2627C869460099FEF6 /* Products */;
			projectDirPath = "";
			projectRoot = "";
			targets = (
				FCEAED2427C869460099FEF6 /* Navigation Controller */,
				FCEAED3D27C869480099FEF6 /* Navigation ControllerTests */,
				FCEAED4827C869480099FEF6 /* Navigation ControllerUITests */,
			);
		};
/* End PBXProject section */

/* Begin PBXResourcesBuildPhase section */
		FCEAED2327C869460099FEF6 /* Resources */ = {
			isa = PBXResourcesBuildPhase;
			buildActionMask = 2147483647;
			files = (
				FCEAED3827C869470099FEF6 /* LaunchScreen.storyboard in Resources */,
				FCEAED3527C869470099FEF6 /* Assets.xcassets in Resources */,
				FCEAED3027C869460099FEF6 /* Main.storyboard in Resources */,
			);
			runOnlyForDeploymentPostprocessing = 0;
		};
		FCEAED3C27C869480099FEF6 /* Resources */ = {
			isa = PBXResourcesBuildPhase;
			buildActionMask = 2147483647;
			files = (
			);
			runOnlyForDeploymentPostprocessing = 0;
		};
		FCEAED4727C869480099FEF6 /* Resources */ = {
			isa = PBXResourcesBuildPhase;
			buildActionMask = 2147483647;
			files = (
			);
			runOnlyForDeploymentPostprocessing = 0;
		};
/* End PBXResourcesBuildPhase section */

/* Begin PBXSourcesBuildPhase section */
		FCEAED2127C869460099FEF6 /* Sources */ = {
			isa = PBXSourcesBuildPhase;
			buildActionMask = 2147483647;
			files = (
				FCD0BEE527C96A80009674DF /* Second Story ViewController.swift in Sources */,
				FCEAED6B27C86A540099FEF6 /* SecondScreenViewController.swift in Sources */,
				FCEAED2D27C869460099FEF6 /* ViewController.swift in Sources */,
				FCEAED3327C869460099FEF6 /* Navigation_Controller.xcdatamodeld in Sources */,
				FCD0BEF327C97559009674DF /* SecondSegueViewController.swift in Sources */,
				FCEAED2927C869460099FEF6 /* AppDelegate.swift in Sources */,
				FCEAED2B27C869460099FEF6 /* SceneDelegate.swift in Sources */,
				FCEAED6327C86A3E0099FEF6 /* FirstScreenViewController.swift in Sources */,
				FCD0BEEB27C97546009674DF /* FirstSegueViewController.swift in Sources */,
				FCD0BEE027C96A62009674DF /* First StoryViewController.swift in Sources */,
			);
			runOnlyForDeploymentPostprocessing = 0;
		};
		FCEAED3A27C869480099FEF6 /* Sources */ = {
			isa = PBXSourcesBuildPhase;
			buildActionMask = 2147483647;
			files = (
				FCEAED4327C869480099FEF6 /* Navigation_ControllerTests.swift in Sources */,
			);
			runOnlyForDeploymentPostprocessing = 0;
		};
		FCEAED4527C869480099FEF6 /* Sources */ = {
			isa = PBXSourcesBuildPhase;
			buildActionMask = 2147483647;
			files = (
				FCEAED4E27C869480099FEF6 /* Navigation_ControllerUITests.swift in Sources */,
			);
			runOnlyForDeploymentPostprocessing = 0;
		};
/* End PBXSourcesBuildPhase section */

/* Begin PBXTargetDependency section */
		FCEAED4027C869480099FEF6 /* PBXTargetDependency */ = {
			isa = PBXTargetDependency;
			target = FCEAED2427C869460099FEF6 /* Navigation Controller */;
			targetProxy = FCEAED3F27C869480099FEF6 /* PBXContainerItemProxy */;
		};
		FCEAED4B27C869480099FEF6 /* PBXTargetDependency */ = {
			isa = PBXTargetDependency;
			target = FCEAED2427C869460099FEF6 /* Navigation Controller */;
			targetProxy = FCEAED4A27C869480099FEF6 /* PBXContainerItemProxy */;
		};
/* End PBXTargetDependency section */

/* Begin PBXVariantGroup section */
		FCEAED2E27C869460099FEF6 /* Main.storyboard */ = {
			isa = PBXVariantGroup;
			children = (
				FCEAED2F27C869460099FEF6 /* Base */,
			);
			name = Main.storyboard;
			sourceTree = "<group>";
		};
		FCEAED3627C869470099FEF6 /* LaunchScreen.storyboard */ = {
			isa = PBXVariantGroup;
			children = (
				FCEAED3727C869470099FEF6 /* Base */,
			);
			name = LaunchScreen.storyboard;
			sourceTree = "<group>";
		};
/* End PBXVariantGroup section */

/* Begin XCBuildConfiguration section */
		FCEAED5027C869480099FEF6 /* Debug */ = {
			isa = XCBuildConfiguration;
			buildSettings = {
				ALWAYS_SEARCH_USER_PATHS = NO;
				CLANG_ANALYZER_NONNULL = YES;
				CLANG_ANALYZER_NUMBER_OBJECT_CONVERSION = YES_AGGRESSIVE;
				CLANG_CXX_LANGUAGE_STANDARD = "gnu++14";
				CLANG_CXX_LIBRARY = "libc++";
				CLANG_ENABLE_MODULES = YES;
				CLANG_ENABLE_OBJC_ARC = YES;
				CLANG_ENABLE_OBJC_WEAK = YES;
				CLANG_WARN_BLOCK_CAPTURE_AUTORELEASING = YES;
				CLANG_WARN_BOOL_CONVERSION = YES;
				CLANG_WARN_COMMA = YES;
				CLANG_WARN_CONSTANT_CONVERSION = YES;
				CLANG_WARN_DEPRECATED_OBJC_IMPLEMENTATIONS = YES;
				CLANG_WARN_DIRECT_OBJC_ISA_USAGE = YES_ERROR;
				CLANG_WARN_DOCUMENTATION_COMMENTS = YES;
				CLANG_WARN_EMPTY_BODY = YES;
				CLANG_WARN_ENUM_CONVERSION = YES;
				CLANG_WARN_INFINITE_RECURSION = YES;
				CLANG_WARN_INT_CONVERSION = YES;
				CLANG_WARN_NON_LITERAL_NULL_CONVERSION = YES;
				CLANG_WARN_OBJC_IMPLICIT_RETAIN_SELF = YES;
				CLANG_WARN_OBJC_LITERAL_CONVERSION = YES;
				CLANG_WARN_OBJC_ROOT_CLASS = YES_ERROR;
				CLANG_WARN_QUOTED_INCLUDE_IN_FRAMEWORK_HEADER = YES;
				CLANG_WARN_RANGE_LOOP_ANALYSIS = YES;
				CLANG_WARN_STRICT_PROTOTYPES = YES;
				CLANG_WARN_SUSPICIOUS_MOVE = YES;
				CLANG_WARN_UNGUARDED_AVAILABILITY = YES_AGGRESSIVE;
				CLANG_WARN_UNREACHABLE_CODE = YES;
				CLANG_WARN__DUPLICATE_METHOD_MATCH = YES;
				COPY_PHASE_STRIP = NO;
				DEBUG_INFORMATION_FORMAT = dwarf;
				ENABLE_STRICT_OBJC_MSGSEND = YES;
				ENABLE_TESTABILITY = YES;
				GCC_C_LANGUAGE_STANDARD = gnu11;
				GCC_DYNAMIC_NO_PIC = NO;
				GCC_NO_COMMON_BLOCKS = YES;
				GCC_OPTIMIZATION_LEVEL = 0;
				GCC_PREPROCESSOR_DEFINITIONS = (
					"DEBUG=1",
					"$(inherited)",
				);
				GCC_WARN_64_TO_32_BIT_CONVERSION = YES;
				GCC_WARN_ABOUT_RETURN_TYPE = YES_ERROR;
				GCC_WARN_UNDECLARED_SELECTOR = YES;
				GCC_WARN_UNINITIALIZED_AUTOS = YES_AGGRESSIVE;
				GCC_WARN_UNUSED_FUNCTION = YES;
				GCC_WARN_UNUSED_VARIABLE = YES;
				IPHONEOS_DEPLOYMENT_TARGET = 14.4;
				MTL_ENABLE_DEBUG_INFO = INCLUDE_SOURCE;
				MTL_FAST_MATH = YES;
				ONLY_ACTIVE_ARCH = YES;
				SDKROOT = iphoneos;
				SWIFT_ACTIVE_COMPILATION_CONDITIONS = DEBUG;
				SWIFT_OPTIMIZATION_LEVEL = "-Onone";
			};
			name = Debug;
		};
		FCEAED5127C869480099FEF6 /* Release */ = {
			isa = XCBuildConfiguration;
			buildSettings = {
				ALWAYS_SEARCH_USER_PATHS = NO;
				CLANG_ANALYZER_NONNULL = YES;
				CLANG_ANALYZER_NUMBER_OBJECT_CONVERSION = YES_AGGRESSIVE;
				CLANG_CXX_LANGUAGE_STANDARD = "gnu++14";
				CLANG_CXX_LIBRARY = "libc++";
				CLANG_ENABLE_MODULES = YES;
				CLANG_ENABLE_OBJC_ARC = YES;
				CLANG_ENABLE_OBJC_WEAK = YES;
				CLANG_WARN_BLOCK_CAPTURE_AUTORELEASING = YES;
				CLANG_WARN_BOOL_CONVERSION = YES;
				CLANG_WARN_COMMA = YES;
				CLANG_WARN_CONSTANT_CONVERSION = YES;
				CLANG_WARN_DEPRECATED_OBJC_IMPLEMENTATIONS = YES;
				CLANG_WARN_DIRECT_OBJC_ISA_USAGE = YES_ERROR;
				CLANG_WARN_DOCUMENTATION_COMMENTS = YES;
				CLANG_WARN_EMPTY_BODY = YES;
				CLANG_WARN_ENUM_CONVERSION = YES;
				CLANG_WARN_INFINITE_RECURSION = YES;
				CLANG_WARN_INT_CONVERSION = YES;
				CLANG_WARN_NON_LITERAL_NULL_CONVERSION = YES;
				CLANG_WARN_OBJC_IMPLICIT_RETAIN_SELF = YES;
				CLANG_WARN_OBJC_LITERAL_CONVERSION = YES;
				CLANG_WARN_OBJC_ROOT_CLASS = YES_ERROR;
				CLANG_WARN_QUOTED_INCLUDE_IN_FRAMEWORK_HEADER = YES;
				CLANG_WARN_RANGE_LOOP_ANALYSIS = YES;
				CLANG_WARN_STRICT_PROTOTYPES = YES;
				CLANG_WARN_SUSPICIOUS_MOVE = YES;
				CLANG_WARN_UNGUARDED_AVAILABILITY = YES_AGGRESSIVE;
				CLANG_WARN_UNREACHABLE_CODE = YES;
				CLANG_WARN__DUPLICATE_METHOD_MATCH = YES;
				COPY_PHASE_STRIP = NO;
				DEBUG_INFORMATION_FORMAT = "dwarf-with-dsym";
				ENABLE_NS_ASSERTIONS = NO;
				ENABLE_STRICT_OBJC_MSGSEND = YES;
				GCC_C_LANGUAGE_STANDARD = gnu11;
				GCC_NO_COMMON_BLOCKS = YES;
				GCC_WARN_64_TO_32_BIT_CONVERSION = YES;
				GCC_WARN_ABOUT_RETURN_TYPE = YES_ERROR;
				GCC_WARN_UNDECLARED_SELECTOR = YES;
				GCC_WARN_UNINITIALIZED_AUTOS = YES_AGGRESSIVE;
				GCC_WARN_UNUSED_FUNCTION = YES;
				GCC_WARN_UNUSED_VARIABLE = YES;
				IPHONEOS_DEPLOYMENT_TARGET = 14.4;
				MTL_ENABLE_DEBUG_INFO = NO;
				MTL_FAST_MATH = YES;
				SDKROOT = iphoneos;
				SWIFT_COMPILATION_MODE = wholemodule;
				SWIFT_OPTIMIZATION_LEVEL = "-O";
				VALIDATE_PRODUCT = YES;
			};
			name = Release;
		};
		FCEAED5327C869480099FEF6 /* Debug */ = {
			isa = XCBuildConfiguration;
			buildSettings = {
				ASSETCATALOG_COMPILER_APPICON_NAME = AppIcon;
				ASSETCATALOG_COMPILER_GLOBAL_ACCENT_COLOR_NAME = AccentColor;
				CODE_SIGN_STYLE = Automatic;
				INFOPLIST_FILE = "Navigation Controller/Info.plist";
				LD_RUNPATH_SEARCH_PATHS = (
					"$(inherited)",
					"@executable_path/Frameworks",
				);
				PRODUCT_BUNDLE_IDENTIFIER = "Donia.Navigation-Controller";
				PRODUCT_NAME = "$(TARGET_NAME)";
				SWIFT_VERSION = 5.0;
				TARGETED_DEVICE_FAMILY = "1,2";
			};
			name = Debug;
		};
		FCEAED5427C869480099FEF6 /* Release */ = {
			isa = XCBuildConfiguration;
			buildSettings = {
				ASSETCATALOG_COMPILER_APPICON_NAME = AppIcon;
				ASSETCATALOG_COMPILER_GLOBAL_ACCENT_COLOR_NAME = AccentColor;
				CODE_SIGN_STYLE = Automatic;
				INFOPLIST_FILE = "Navigation Controller/Info.plist";
				LD_RUNPATH_SEARCH_PATHS = (
					"$(inherited)",
					"@executable_path/Frameworks",
				);
				PRODUCT_BUNDLE_IDENTIFIER = "Donia.Navigation-Controller";
				PRODUCT_NAME = "$(TARGET_NAME)";
				SWIFT_VERSION = 5.0;
				TARGETED_DEVICE_FAMILY = "1,2";
			};
			name = Release;
		};
		FCEAED5627C869480099FEF6 /* Debug */ = {
			isa = XCBuildConfiguration;
			buildSettings = {
				ALWAYS_EMBED_SWIFT_STANDARD_LIBRARIES = YES;
				BUNDLE_LOADER = "$(TEST_HOST)";
				CODE_SIGN_STYLE = Automatic;
				INFOPLIST_FILE = "Navigation ControllerTests/Info.plist";
				IPHONEOS_DEPLOYMENT_TARGET = 14.4;
				LD_RUNPATH_SEARCH_PATHS = (
					"$(inherited)",
					"@executable_path/Frameworks",
					"@loader_path/Frameworks",
				);
				PRODUCT_BUNDLE_IDENTIFIER = "Donia.Navigation-ControllerTests";
				PRODUCT_NAME = "$(TARGET_NAME)";
				SWIFT_VERSION = 5.0;
				TARGETED_DEVICE_FAMILY = "1,2";
				TEST_HOST = "$(BUILT_PRODUCTS_DIR)/Navigation Controller.app/Navigation Controller";
			};
			name = Debug;
		};
		FCEAED5727C869480099FEF6 /* Release */ = {
			isa = XCBuildConfiguration;
			buildSettings = {
				ALWAYS_EMBED_SWIFT_STANDARD_LIBRARIES = YES;
				BUNDLE_LOADER = "$(TEST_HOST)";
				CODE_SIGN_STYLE = Automatic;
				INFOPLIST_FILE = "Navigation ControllerTests/Info.plist";
				IPHONEOS_DEPLOYMENT_TARGET = 14.4;
				LD_RUNPATH_SEARCH_PATHS = (
					"$(inherited)",
					"@executable_path/Frameworks",
					"@loader_path/Frameworks",
				);
				PRODUCT_BUNDLE_IDENTIFIER = "Donia.Navigation-ControllerTests";
				PRODUCT_NAME = "$(TARGET_NAME)";
				SWIFT_VERSION = 5.0;
				TARGETED_DEVICE_FAMILY = "1,2";
				TEST_HOST = "$(BUILT_PRODUCTS_DIR)/Navigation Controller.app/Navigation Controller";
			};
			name = Release;
		};
		FCEAED5927C869480099FEF6 /* Debug */ = {
			isa = XCBuildConfiguration;
			buildSettings = {
				ALWAYS_EMBED_SWIFT_STANDARD_LIBRARIES = YES;
				CODE_SIGN_STYLE = Automatic;
				INFOPLIST_FILE = "Navigation ControllerUITests/Info.plist";
				LD_RUNPATH_SEARCH_PATHS = (
					"$(inherited)",
					"@executable_path/Frameworks",
					"@loader_path/Frameworks",
				);
				PRODUCT_BUNDLE_IDENTIFIER = "Donia.Navigation-ControllerUITests";
				PRODUCT_NAME = "$(TARGET_NAME)";
				SWIFT_VERSION = 5.0;
				TARGETED_DEVICE_FAMILY = "1,2";
				TEST_TARGET_NAME = "Navigation Controller";
			};
			name = Debug;
		};
		FCEAED5A27C869480099FEF6 /* Release */ = {
			isa = XCBuildConfiguration;
			buildSettings = {
				ALWAYS_EMBED_SWIFT_STANDARD_LIBRARIES = YES;
				CODE_SIGN_STYLE = Automatic;
				INFOPLIST_FILE = "Navigation ControllerUITests/Info.plist";
				LD_RUNPATH_SEARCH_PATHS = (
					"$(inherited)",
					"@executable_path/Frameworks",
					"@loader_path/Frameworks",
				);
				PRODUCT_BUNDLE_IDENTIFIER = "Donia.Navigation-ControllerUITests";
				PRODUCT_NAME = "$(TARGET_NAME)";
				SWIFT_VERSION = 5.0;
				TARGETED_DEVICE_FAMILY = "1,2";
				TEST_TARGET_NAME = "Navigation Controller";
			};
			name = Release;
		};
/* End XCBuildConfiguration section */

/* Begin XCConfigurationList section */
		FCEAED2027C869460099FEF6 /* Build configuration list for PBXProject "Navigation Controller" */ = {
			isa = XCConfigurationList;
			buildConfigurations = (
				FCEAED5027C869480099FEF6 /* Debug */,
				FCEAED5127C869480099FEF6 /* Release */,
			);
			defaultConfigurationIsVisible = 0;
			defaultConfigurationName = Release;
		};
		FCEAED5227C869480099FEF6 /* Build configuration list for PBXNativeTarget "Navigation Controller" */ = {
			isa = XCConfigurationList;
			buildConfigurations = (
				FCEAED5327C869480099FEF6 /* Debug */,
				FCEAED5427C869480099FEF6 /* Release */,
			);
			defaultConfigurationIsVisible = 0;
			defaultConfigurationName = Release;
		};
		FCEAED5527C869480099FEF6 /* Build configuration list for PBXNativeTarget "Navigation ControllerTests" */ = {
			isa = XCConfigurationList;
			buildConfigurations = (
				FCEAED5627C869480099FEF6 /* Debug */,
				FCEAED5727C869480099FEF6 /* Release */,
			);
			defaultConfigurationIsVisible = 0;
			defaultConfigurationName = Release;
		};
		FCEAED5827C869480099FEF6 /* Build configuration list for PBXNativeTarget "Navigation ControllerUITests" */ = {
			isa = XCConfigurationList;
			buildConfigurations = (
				FCEAED5927C869480099FEF6 /* Debug */,
				FCEAED5A27C869480099FEF6 /* Release */,
			);
			defaultConfigurationIsVisible = 0;
			defaultConfigurationName = Release;
		};
/* End XCConfigurationList section */

/* Begin XCVersionGroup section */
		FCEAED3127C869460099FEF6 /* Navigation_Controller.xcdatamodeld */ = {
			isa = XCVersionGroup;
			children = (
				FCEAED3227C869460099FEF6 /* Navigation_Controller.xcdatamodel */,
			);
			currentVersion = FCEAED3227C869460099FEF6 /* Navigation_Controller.xcdatamodel */;
			path = Navigation_Controller.xcdatamodeld;
			sourceTree = "<group>";
			versionGroupType = wrapper.xcdatamodel;
		};
/* End XCVersionGroup section */
	};
	rootObject = FCEAED1D27C869460099FEF6 /* Project object */;
}
